{
  "requires": true,
  "lockfileVersion": 1,
  "dependencies": {
    "core-js": {
      "version": "3.12.1",
      "resolved": "https://registry.npmjs.org/core-js/-/core-js-3.12.1.tgz",
      "integrity": "sha512-Ne9DKPHTObRuB09Dru5AjwKjY4cJHVGu+y5f7coGn1E9Grkc3p2iBwE9AI/nJzsE29mQF7oq+mhYYRqOMFN1Bw=="
    },
    "gerador-validador-cpf": {
      "version": "5.0.1",
      "resolved": "https://registry.npmjs.org/gerador-validador-cpf/-/gerador-validador-cpf-5.0.1.tgz",
      "integrity": "sha512-zLVkdLkRpi1gQBe4fFEuFJESZ6p1jDSgKWcLiIMGEfPRbFs7ka1gql8X1bM5PMVWFE3Sc8JgbauZarlh8rHVVw==",
      "requires": {
        "core-js": "^3.6.5"
      }
    }
  }
}
