# THIS IS AN AUTOGENERATED FILE. DO NOT EDIT THIS FILE DIRECTLY.
# yarn lockfile v1


core-js@^3.6.5:
  version "3.12.1"
  resolved "https://registry.yarnpkg.com/core-js/-/core-js-3.12.1.tgz#6b5af4ff55616c08a44d386f1f510917ff204112"
  integrity sha512-Ne9DKPHTObRuB09Dru5AjwKjY4cJHVGu+y5f7coGn1E9Grkc3p2iBwE9AI/nJzsE29mQF7oq+mhYYRqOMFN1Bw==

gerador-validador-cpf@^5.0.1:
  version "5.0.1"
  resolved "https://registry.yarnpkg.com/gerador-validador-cpf/-/gerador-validador-cpf-5.0.1.tgz#d71779d6b0f217fcd9871385520a71a230d602a3"
  integrity sha512-zLVkdLkRpi1gQBe4fFEuFJESZ6p1jDSgKWcLiIMGEfPRbFs7ka1gql8X1bM5PMVWFE3Sc8JgbauZarlh8rHVVw==
  dependencies:
    core-js "^3.6.5"
